{
  "requires": true,
  "lockfileVersion": 1,
  "dependencies": {
    "v-offline": {
      "version": "1.1.0",
      "resolved": "https://registry.npmjs.org/v-offline/-/v-offline-1.1.0.tgz",
      "integrity": "sha512-/6tQWt/bvgdGYWF34ghAs4xHQ+vavZ0V2uSULG6XlK132eZ1ST8z/zGEw/hYaTT7lZGL0ekqWmdEfr0jmER6xA=="
    },
    "vue-minesweeper": {
      "version": "0.2.0",
      "resolved": "https://registry.npmjs.org/vue-minesweeper/-/vue-minesweeper-0.2.0.tgz",
      "integrity": "sha512-R0Q8opNuJnmmOSXDjRqn7WN/1S4BrzkhKziAm9cc3xDqL+etqNDbES/0gIQhC0PQoZFT8jcgKdgbjeTcdLD/GA=="
    }
  }
}
